Microsoft Visual Studio Solution File, Format Version 12.00
# Visual Studio Version 17
VisualStudioVersion = 17.5.2.0
MinimumVisualStudioVersion = 10.0.40219.1
Project("{FAE04EC0-301F-11D3-BF4B-00C04F79EFBC}") = "Lab1V2", "Lab1V2\Lab1V2.csproj", "{98C8D751-D42D-EB16-82DC-6B6087B57F02}"
EndProject
Global
	GlobalSection(SolutionConfigurationPlatforms) = preSolution
		Debug|Any CPU = Debug|Any CPU
		Release|Any CPU = Release|Any CPU
	EndGlobalSection
	GlobalSection(ProjectConfigurationPlatforms) = postSolution
		{98C8D751-D42D-EB16-82DC-6B6087B57F02}.Debug|Any CPU.ActiveCfg = Debug|Any CPU
		{98C8D751-D42D-EB16-82DC-6B6087B57F02}.Debug|Any CPU.Build.0 = Debug|Any CPU
		{98C8D751-D42D-EB16-82DC-6B6087B57F02}.Release|Any CPU.ActiveCfg = Release|Any CPU
		{98C8D751-D42D-EB16-82DC-6B6087B57F02}.Release|Any CPU.Build.0 = Release|Any CPU
	EndGlobalSection
	GlobalSection(SolutionProperties) = preSolution
		HideSolutionNode = FALSE
	EndGlobalSection
	GlobalSection(ExtensibilityGlobals) = postSolution
		SolutionGuid = {88938B43-6B3B-4A1C-BE63-8C6E55F40EA9}
	EndGlobalSection
EndGlobal
