
Microsoft Visual Studio Solution File, Format Version 12.00
# Visual Studio Version 17
VisualStudioVersion = 17.11.35222.181
MinimumVisualStudioVersion = 10.0.40219.1
Project("{FAE04EC0-301F-11D3-BF4B-00C04F79EFBC}") = "IndependentWork13", "IndependentWork13\IndependentWork13.csproj", "{11E25869-A2D3-4269-8766-FFDAEFD90B89}"
EndProject
Global
	GlobalSection(SolutionConfigurationPlatforms) = preSolution
		Debug|Any CPU = Debug|Any CPU
		Release|Any CPU = Release|Any CPU
	EndGlobalSection
	GlobalSection(ProjectConfigurationPlatforms) = postSolution
		{11E25869-A2D3-4269-8766-FFDAEFD90B89}.Debug|Any CPU.ActiveCfg = Debug|Any CPU
		{11E25869-A2D3-4269-8766-FFDAEFD90B89}.Debug|Any CPU.Build.0 = Debug|Any CPU
		{11E25869-A2D3-4269-8766-FFDAEFD90B89}.Release|Any CPU.ActiveCfg = Release|Any CPU
		{11E25869-A2D3-4269-8766-FFDAEFD90B89}.Release|Any CPU.Build.0 = Release|Any CPU
	EndGlobalSection
	GlobalSection(SolutionProperties) = preSolution
		HideSolutionNode = FALSE
	EndGlobalSection
	GlobalSection(ExtensibilityGlobals) = postSolution
		SolutionGuid = {3F114DA5-036F-4014-8D0F-01AC6E6B246D}
	EndGlobalSection
EndGlobal
